code.gitea.io/sdk/gitea v0.23.2 h1:iJB1FDmLegwfwjX8gotBDHdPSbk/ZR8V9VmEJaVsJYg=
code.gitea.io/sdk/gitea v0.23.2/go.mod h1:yyF5+GhljqvA30sRDreoyHILruNiy4ASufugzYg0VHM=
github.com/42wim/httpsig v1.2.4 h1:mI5bH0nm4xn7K18fo1K3okNDRq8CCJ0KbBYWyA6r8lU=
github.com/42wim/httpsig v1.2.4/go.mod h1:yKsYfSyTBEohkPik224QPFylmzEBtda/kjyIAJjh3ps=
github.com/BurntSushi/toml v1.6.0 h1:dRaEfpa2VI55EwlIW72hMRHdWouJeRF7TPYhI+AUQjk=
github.com/BurntSushi/toml v1.6.0/go.mod h1:ukJfTF/6rtPPRCnwkur4qwRxa8vTRFBF0uk2lLoLwho=
github.com/Masterminds/semver/v3 v3.5.0 h1:kQceYJfbupGfZOKZQg0kou0DgAKhzDg2NZPAwZ/2OOE=
github.com/Masterminds/semver/v3 v3.5.0/go.mod h1:4V+yj/TJE1HU9XfppCwVMZq3I84lprf4nC11bSS5beM=
github.com/aws/aws-sdk-go-v2 v1.47.0 h1:0jsHallhJCeaU0Ko48c/3FK1ctOQ7NpzggxriJOQ8MQ=
github.com/aws/aws-sdk-go-v2 v1.47.0/go.mod h1:bttEH6JqnUL8LepvDVfdrds/fZ5bCIxzpe3abyUrhDU=
github.com/aws/aws-sdk-go-v2/aws/protocol/eventstream v1.7.20 h1:GPRlPwz40I2B2VrBEASOA3Bi77NyeqejNLkifosX0rs=
github.com/aws/aws-sdk-go-v2/aws/protocol/eventstream v1.7.20/go.mod h1:g7PNzKcsOKWb4fkSRBA7BZVAS6Y8IcxzN+nRohhQ1Q8=
github.com/aws/aws-sdk-go-v2/config v1.33.4 h1:FzvkXKSzwqHni4U7nDigHg4jjtqMpVUuHgmZfSoJVQ0=
github.com/aws/aws-sdk-go-v2/config v1.33.4/go.mod h1:VZqGZnZsCWVfK/iGPptJIyNIX3XEX6iQU2Rel4sLrr8=
github.com/aws/aws-sdk-go-v2/credentials v1.20.4 h1:hTvrJJseKbvw32kmiE0G+u/9ZqpqscjDrTigHIXP2qs=
github.com/aws/aws-sdk-go-v2/credentials v1.20.4/go.mod h1:gWp9O1ZBWwpcIrgV+mVHk4gZUurAEDkgypu/OXOlIaw=
github.com/aws/aws-sdk-go-v2/feature/ec2/imds v1.20.0 h1:AM4hHjww+PSFtt6E+UrBrPlZkWsePCLEt9AjkfQX+yM=
github.com/aws/aws-sdk-go-v2/feature/ec2/imds v1.20.0/go.mod h1:3x/yXezeQjpOvBb4jEMxrS8SXvpdvJ5abv6l5c1gWM8=
github.com/aws/aws-sdk-go-v2/internal/configsources v1.5.3 h1:Hp/VgjP0BysR3OgLlR057Vz2LcbbVnoWeJ+3qWiS/fY=
github.com/aws/aws-sdk-go-v2/internal/configsources v1.5.3/go.mod h1:nwGV5qw7F1IZPgxCvA/ph8N2TAuz+BkRG/bXn808qMA=
github.com/aws/aws-sdk-go-v2/internal/endpoints/v2 v2.8.3 h1:MUaM4f+kj1ZIBPZfUS8cxP1GKXXZtHJjAthy93AN7SM=
github.com/aws/aws-sdk-go-v2/internal/endpoints/v2 v2.8.3/go.mod h1:6YmVmEVRI5ZZzRjCSsb9SryKH0hAlMRdgA7kG9aDvBU=
github.com/aws/aws-sdk-go-v2/internal/v4a v1.5.3 h1:fuSCw4Z2qfRCztMPO3GXJNSiEp6Wee+WOLwrHHUMy9c=
github.com/aws/aws-sdk-go-v2/internal/v4a v1.5.3/go.mod h1:6SxcHheD1pPR5+kWm1wGvjlL/YqUsh267sAfEmN4K7A=
github.com/aws/aws-sdk-go-v2/service/bedrockruntime v1.62.0 h1:B9lfzZ1wK3jWA8fBoy4YvSpTNwaMkYyzx8S0ktoCTXs=
github.com/aws/aws-sdk-go-v2/service/bedrockruntime v1.62.0/go.mod h1:7P+JIqwRqUIlzGn7Ba0qbSbPV/zsdZk7VkJTEFO6Z3U=
github.com/aws/aws-sdk-go-v2/service/internal/accept-encoding v1.13.19 h1:bAdDl/HkGCcGPoe25ToSHEw23VIxt6CT5fLcg111BKg=
github.com/aws/aws-sdk-go-v2/service/internal/accept-encoding v1.13.19/go.mod h1:KaUzbLxv4CeSxh6ZCl9B4m7CuFenS8kUEaDs+f/DQr4=
github.com/aws/aws-sdk-go-v2/service/internal/presigned-url v1.14.3 h1:bON1rJf67TSTDCKg816AAIE4xSTtoo9tl0XRkO72R+I=
github.com/aws/aws-sdk-go-v2/service/internal/presigned-url v1.14.3/go.mod h1:c5BBpjJcQXpfeq9iASyVKA3T6vX6B6LEXY4mL/gklDY=
github.com/aws/aws-sdk-go-v2/service/signin v1.10.0 h1:ZD5qFpWcaOKdTuhBi431pIDkCgrMkMlMT6jlpSPoIRI=
github.com/aws/aws-sdk-go-v2/service/signin v1.10.0/go.mod h1:8Nuuf+tR346PjJ3MvZPh9pekbLiLQFWJhzMXfwy7alA=
github.com/aws/aws-sdk-go-v2/service/sso v1.38.0 h1:JGeeBcMlhg1xtOXYpeCaTQBZObtXMPQCUqBcmr65NRA=
github.com/aws/aws-sdk-go-v2/service/sso v1.38.0/go.mod h1:XwteswG9EOMRFm73UT0t+MbTwyLxMrEXkU6e+v92Lzo=
github.com/aws/aws-sdk-go-v2/service/ssooidc v1.43.0 h1:obhahQXDEdVEv8y5bTKXR30LVaxYe1kyYM0L7l2Iq+k=
github.com/aws/aws-sdk-go-v2/service/ssooidc v1.43.0/go.mod h1:6twZZ/aXHNy1vXUO8koUbp++MYzMASkOgEBdkbJYmO0=
github.com/aws/aws-sdk-go-v2/service/sts v1.50.0 h1:khXV3+K5D3f4e8xtplaRdSFn1bEg3gj5EBHQvbCOZbQ=
github.com/aws/aws-sdk-go-v2/service/sts v1.50.0/go.mod h1:/8JRcdTt//hG0Q4BTmGbuOplT7ABe+5rdtqUHqXvYIM=
github.com/aws/smithy-go v1.28.1 h1:R/nXH00c8qcfCzQVELtRw+eLQWtzv+VAIEFJ1/xxXlQ=
github.com/aws/smithy-go v1.28.1/go.mod h1:YE2RhdIuDbA5E5bTdciG9KrW3+TiEONeUWCqxX9i1Fc=
github.com/creativeprojects/go-selfupdate v1.6.0 h1:Bu3cIgdyfI1Pg8XsL8nbaT2uMjfZ8HIoxnBmPJbN0sw=
github.com/creativeprojects/go-selfupdate v1.6.0/go.mod h1:Ids8O474XGQG0jZ5vpBIhWffcGYjUP6ccOI0mMcvQbI=
github.com/davidmz/go-pageant v1.0.2 h1:bPblRCh5jGU+Uptpz6LgMZGD5hJoOt7otgT454WvHn0=
github.com/davidmz/go-pageant v1.0.2/go.mod h1:P2EDDnMqIwG5Rrp05dTRITj9z2zpGcD9efWSkTNKLIE=
github.com/go-fed/httpsig v1.1.0 h1:9M+hb0jkEICD8/cAiNqEB66R87tTINszBRTjwjQzWcI=
github.com/go-fed/httpsig v1.1.0/go.mod h1:RCMrTZvN1bJYtofsG4rd5NaO5obxQ5xBkdiS7xsT7bM=
github.com/google/go-cmp v0.6.0/go.mod h1:17dUlkBOakJ0+DkrSSNjCkIjxS6bF9zb3elmeNGIjoY=
github.com/google/go-github/v86 v86.0.0 h1:S/6aANJhwRm8EQmGKVML3j41yq0h2BsTP8FnDkO7kcA=
github.com/google/go-github/v86 v86.0.0/go.mod h1:zKv1l4SwDXNFMGByi2FWkq71KwSXqj/eQRZuqtmcot8=
github.com/google/go-querystring v1.2.0 h1:yhqkPbu2/OH+V9BfpCVPZkNmUXhb2gBxJArfhIxNtP0=
github.com/google/go-querystring v1.2.0/go.mod h1:8IFJqpSRITyJ8QhQ13bmbeMBDfmeEJZD5A0egEOmkqU=
github.com/hashicorp/go-cleanhttp v0.5.2 h1:035FKYIWjmULyFRBKPs8TBQoi0x6d9G4xc9neXJWAZQ=
github.com/hashicorp/go-cleanhttp v0.5.2/go.mod h1:kO/YDlP8L1346E6Sodw+PrpBSV4/SoxCXGY6BqNFT48=
github.com/hashicorp/go-retryablehttp v0.7.8 h1:ylXZWnqa7Lhqpk0L1P1LzDtGcCR0rPVUrx/c8Unxc48=
github.com/hashicorp/go-retryablehttp v0.7.8/go.mod h1:rjiScheydd+CxvumBsIrFKlx3iS0jrZ7LvzFGFmuKbw=
github.com/hashicorp/go-version v1.9.0 h1:CeOIz6k+LoN3qX9Z0tyQrPtiB1DFYRPfCIBtaXPSCnA=
github.com/hashicorp/go-version v1.9.0/go.mod h1:fltr4n8CU8Ke44wwGCBoEymUuxUHl09ZGVZPK5anwXA=
github.com/inconshreveable/go-update v0.0.0-20160112193335-8152e7eb6ccf h1:WfD7VjIE6z8dIvMsI4/s+1qr5EL+zoIGev1BQj1eoJ8=
github.com/inconshreveable/go-update v0.0.0-20160112193335-8152e7eb6ccf/go.mod h1:hyb9oH7vZsitZCiBt0ZvifOrB+qc8PS5IiilCIb87rg=
github.com/ron2111/omnitoken v0.1.7 h1:/06R/jKXAYeK8zuxqpHApotFKFjsrydbbJj68Qfgu/s=
github.com/ron2111/omnitoken v0.1.7/go.mod h1:7eigK0IGMvi+UAIDLx2jcHBhTenT3cCRqBZKZTepeGc=
github.com/ulikunitz/xz v0.5.15 h1:9DNdB5s+SgV3bQ2ApL10xRc35ck0DuIX/isZvIk+ubY=
github.com/ulikunitz/xz v0.5.15/go.mod h1:nbz6k7qbPmH4IRqmfOplQw/tblSgqTqBwxkY0oWt/14=
gitlab.com/gitlab-org/api/client-go v1.46.0 h1:YxBWFZIFYKcGESCb9fpkwzouo+apyB9pr/XTWzNoL24=
gitlab.com/gitlab-org/api/client-go v1.46.0/go.mod h1:FtgyU6g2HS5+fMhw6nLK96GBEEBx5MzntOiJWfIaiN8=
golang.org/x/crypto v0.0.0-20190308221718-c2843e01d9a2/go.mod h1:djNgcEr1/C05ACkg1iLfiJU5Ep61QUkGW8qpdssI0+w=
golang.org/x/crypto v0.0.0-20200622213623-75b288015ac9/go.mod h1:LzIPMQfyMNhhGPhUkYOs5KpL4U8rLKemX1yGLhDgUto=
golang.org/x/crypto v0.0.0-20210513164829-c07d793c2f9a/go.mod h1:P+XmwS30IXTQdn5tA2iutPOUgjI07+tq3H3K9MVA1s8=
golang.org/x/crypto v0.53.0 h1:QZ4Muo8THX6CizN2vPPd5fBGHyogrdK9fG4wLPFUsto=
golang.org/x/crypto v0.53.0/go.mod h1:DNLU434OwVakk9PzuwV8w62mAJpRJL3vsgcfp4Qnsio=
golang.org/x/net v0.0.0-20190404232315-eb5bcb51f2a3/go.mod h1:t9HGtf8HONx5eT2rtn7q6eTqICYqUVnKs3thJo3Qplg=
golang.org/x/net v0.0.0-20210226172049-e18ecbb05110/go.mod h1:m0MpNAwzfU5UDzcl9v0D8zg8gWTRqZa9RBIspLL5mdg=
golang.org/x/oauth2 v0.36.0 h1:peZ/1z27fi9hUOFCAZaHyrpWG5lwe0RJEEEeH0ThlIs=
golang.org/x/oauth2 v0.36.0/go.mod h1:YDBUJMTkDnJS+A4BP4eZBjCqtokkg1hODuPjwiGPO7Q=
golang.org/x/sys v0.0.0-20190215142949-d0b11bdaac8a/go.mod h1:STP8DvDyc/dI5b8T5hshtkjS+E42TnysNCUPdjciGhY=
golang.org/x/sys v0.0.0-20190412213103-97732733099d/go.mod h1:h1NjWce9XRLGQEsW7wpKNCjG9DtNlClVuFLEZdDNbEs=
golang.org/x/sys v0.0.0-20201119102817-f84b799fce68/go.mod h1:h1NjWce9XRLGQEsW7wpKNCjG9DtNlClVuFLEZdDNbEs=
golang.org/x/sys v0.48.0 h1:bbX/i/6MgT9BVLM9RT1thmxL04yeTAhbEz4SyadbXoo=
golang.org/x/sys v0.48.0/go.mod h1:hNLxWAXmnKAxqDtdwIYC4bM9oQPEecfsnNMuSxOs3og=
golang.org/x/term v0.0.0-20201126162022-7de9c90e9dd1/go.mod h1:bj7SfCRtBDWHUb9snDiAeCFNEtKQo2Wmx5Cou7ajbmo=
golang.org/x/term v0.46.0 h1:3+OXuTbaKDgwk8jTi3aSLHRlmWqHEUDUtxnbFigO4YE=
golang.org/x/term v0.46.0/go.mod h1:+K02xbkittuwc0Am4abfA3Fc+XRGXkvBXNO88NCXPoc=
golang.org/x/text v0.3.0/go.mod h1:NqM8EUOU14njkJ3fqMW+pc6Ldnwhi/IjpwHt7yyuwOQ=
golang.org/x/text v0.3.3/go.mod h1:5Zoc/QRtKVWzQhOtBMvqHzDpF6irO9z98xDceosuGiQ=
golang.org/x/time v0.15.0 h1:bbrp8t3bGUeFOx08pvsMYRTCVSMk89u4tKbNOZbp88U=
golang.org/x/time v0.15.0/go.mod h1:Y4YMaQmXwGQZoFaVFk4YpCt4FLQMYKZe9oeV/f4MSno=
golang.org/x/tools v0.0.0-20180917221912-90fa682c2a6e/go.mod h1:n7NCudcB/nEzxVGmLbDWY5pfWTLqBcC2KZ6jyYvM4mQ=
gopkg.in/check.v1 v0.0.0-20161208181325-20d25e280405 h1:yhCVgyC4o1eVCa2tZl7eS0r+SDo693bJlVdllGtEeKM=
gopkg.in/check.v1 v0.0.0-20161208181325-20d25e280405/go.mod h1:Co6ibVJAznAaIkqp8huTwlJQCZ016jof/cbN4VW5Yz0=
gopkg.in/yaml.v3 v3.0.1 h1:fxVm/GzAzEWqLHuvctI91KS9hhNmmWOoWu0XTYJS7CA=
gopkg.in/yaml.v3 v3.0.1/go.mod h1:K4uyk7z7BCEPqu6E+C64Yfv1cQ7kz7rIZviUmN+EgEM=
